
Microsoft Visual Studio Solution File, Format Version 11.00
# Visual Studio 2010
Project("{FAE04EC0-301F-11D3-BF4B-00C04F79EFBC}") = "Assembly-CSharp", "Assembly-CSharp.csproj", "{A090DA78-4811-2138-167B-43422F8FEB22}"
EndProject
Project("{FAE04EC0-301F-11D3-BF4B-00C04F79EFBC}") = "Assembly-CSharp-Editor", "Assembly-CSharp-Editor.csproj", "{1D6B5E04-454C-D9B3-A066-CA4254E7CBEC}"
EndProject
Global
	GlobalSection(SolutionConfigurationPlatforms) = preSolution
		Debug|Any CPU = Debug|Any CPU
		Release|Any CPU = Release|Any CPU
	EndGlobalSection
	GlobalSection(ProjectConfigurationPlatforms) = postSolution
		{A090DA78-4811-2138-167B-43422F8FEB22}.Debug|Any CPU.ActiveCfg = Debug|Any CPU
		{A090DA78-4811-2138-167B-43422F8FEB22}.Debug|Any CPU.Build.0 = Debug|Any CPU
		{A090DA78-4811-2138-167B-43422F8FEB22}.Release|Any CPU.ActiveCfg = Release|Any CPU
		{A090DA78-4811-2138-167B-43422F8FEB22}.Release|Any CPU.Build.0 = Release|Any CPU
		{1D6B5E04-454C-D9B3-A066-CA4254E7CBEC}.Debug|Any CPU.ActiveCfg = Debug|Any CPU
		{1D6B5E04-454C-D9B3-A066-CA4254E7CBEC}.Debug|Any CPU.Build.0 = Debug|Any CPU
		{1D6B5E04-454C-D9B3-A066-CA4254E7CBEC}.Release|Any CPU.ActiveCfg = Release|Any CPU
		{1D6B5E04-454C-D9B3-A066-CA4254E7CBEC}.Release|Any CPU.Build.0 = Release|Any CPU
	EndGlobalSection
	GlobalSection(SolutionProperties) = preSolution
		HideSolutionNode = FALSE
	EndGlobalSection
	GlobalSection(MonoDevelopProperties) = preSolution
		StartupItem = Assembly-CSharp.csproj
	EndGlobalSection
EndGlobal
